PODS:
  - LZCommonUtils (0.2.1):
    - Reachability (~> 3.2)
  - Reachability (3.2)

DEPENDENCIES:
  - LZCommonUtils (from `../`)

EXTERNAL SOURCES:
  LZCommonUtils:
    :path: ../

SPEC CHECKSUMS:
  LZCommonUtils: a26792c578eacd2a0e6b8c84bd81cb76795e0b88
  Reachability: 33e18b67625424e47b6cde6d202dce689ad7af96

COCOAPODS: 0.39.0
